// !$*UTF8*$!
{
	archiveVersion = 1;
	classes = {
	};
	objectVersion = 56;
	objects = {

/* Begin PBXBuildFile section */
		9A13489C2A56E4D000B3D562 /* Poppins-Regular.ttf in Resources */ = {isa = PBXBuildFile; fileRef = 9A13489B2A56E4D000B3D562 /* Poppins-Regular.ttf */; };
		9A13489D2A56E70C00B3D562 /* recipe-list-app-Info.plist in Resources */ = {isa = PBXBuildFile; fileRef = 9ACF1E732A56AADC0013FE25 /* recipe-list-app-Info.plist */; };
		9ACD705529A1A66D00A2C8C5 /* Recipe_List_App.swift in Sources */ = {isa = PBXBuildFile; fileRef = 9ACD705429A1A66D00A2C8C5 /* Recipe_List_App.swift */; };
		9ACD705729A1A66D00A2C8C5 /* RecipeListView.swift in Sources */ = {isa = PBXBuildFile; fileRef = 9ACD705629A1A66D00A2C8C5 /* RecipeListView.swift */; };
		9ACD705929A1A66F00A2C8C5 /* Assets.xcassets in Resources */ = {isa = PBXBuildFile; fileRef = 9ACD705829A1A66F00A2C8C5 /* Assets.xcassets */; };
		9ACD705C29A1A66F00A2C8C5 /* Preview Assets.xcassets in Resources */ = {isa = PBXBuildFile; fileRef = 9ACD705B29A1A66F00A2C8C5 /* Preview Assets.xcassets */; };
		9ACD706829A1A8F900A2C8C5 /* recipes.json in Resources */ = {isa = PBXBuildFile; fileRef = 9ACD706729A1A8F900A2C8C5 /* recipes.json */; };
		9ACD706B29A1A98A00A2C8C5 /* Recipe.swift in Sources */ = {isa = PBXBuildFile; fileRef = 9ACD706A29A1A98A00A2C8C5 /* Recipe.swift */; };
		9ACD706D29A1AB6700A2C8C5 /* RecipeModel.swift in Sources */ = {isa = PBXBuildFile; fileRef = 9ACD706C29A1AB6700A2C8C5 /* RecipeModel.swift */; };
		9ACD706F29A1AD8300A2C8C5 /* DataService.swift in Sources */ = {isa = PBXBuildFile; fileRef = 9ACD706E29A1AD8300A2C8C5 /* DataService.swift */; };
		9ACD708B29A5B95100A2C8C5 /* RecipeDetailView.swift in Sources */ = {isa = PBXBuildFile; fileRef = 9ACD708A29A5B95100A2C8C5 /* RecipeDetailView.swift */; };
		9ACF1E6F2A56A72A0013FE25 /* Onboarding_1.swift in Sources */ = {isa = PBXBuildFile; fileRef = 9ACF1E6E2A56A72A0013FE25 /* Onboarding_1.swift */; };
		9ACF1E752A56ACFF0013FE25 /* Poppins-Black.ttf in Resources */ = {isa = PBXBuildFile; fileRef = 9ACF1E742A56ACFF0013FE25 /* Poppins-Black.ttf */; };
		9ACF1E772A56B41B0013FE25 /* Onboarding_2.swift in Sources */ = {isa = PBXBuildFile; fileRef = 9ACF1E762A56B41B0013FE25 /* Onboarding_2.swift */; };
/* End PBXBuildFile section */

/* Begin PBXFileReference section */
		9A13489B2A56E4D000B3D562 /* Poppins-Regular.ttf */ = {isa = PBXFileReference; lastKnownFileType = file; path = "Poppins-Regular.ttf"; sourceTree = "<group>"; };
		9ACD705129A1A66D00A2C8C5 /* recipe list app.app */ = {isa = PBXFileReference; explicitFileType = wrapper.application; includeInIndex = 0; path = "recipe list app.app"; sourceTree = BUILT_PRODUCTS_DIR; };
		9ACD705429A1A66D00A2C8C5 /* Recipe_List_App.swift */ = {isa = PBXFileReference; lastKnownFileType = sourcecode.swift; path = Recipe_List_App.swift; sourceTree = "<group>"; };
		9ACD705629A1A66D00A2C8C5 /* RecipeListView.swift */ = {isa = PBXFileReference; lastKnownFileType = sourcecode.swift; path = RecipeListView.swift; sourceTree = "<group>"; };
		9ACD705829A1A66F00A2C8C5 /* Assets.xcassets */ = {isa = PBXFileReference; lastKnownFileType = folder.assetcatalog; path = Assets.xcassets; sourceTree = "<group>"; };
		9ACD705B29A1A66F00A2C8C5 /* Preview Assets.xcassets */ = {isa = PBXFileReference; lastKnownFileType = folder.assetcatalog; path = "Preview Assets.xcassets"; sourceTree = "<group>"; };
		9ACD706729A1A8F900A2C8C5 /* recipes.json */ = {isa = PBXFileReference; fileEncoding = 4; lastKnownFileType = text.json; path = recipes.json; sourceTree = "<group>"; };
		9ACD706A29A1A98A00A2C8C5 /* Recipe.swift */ = {isa = PBXFileReference; lastKnownFileType = sourcecode.swift; path = Recipe.swift; sourceTree = "<group>"; };
		9ACD706C29A1AB6700A2C8C5 /* RecipeModel.swift */ = {isa = PBXFileReference; lastKnownFileType = sourcecode.swift; path = RecipeModel.swift; sourceTree = "<group>"; };
		9ACD706E29A1AD8300A2C8C5 /* DataService.swift */ = {isa = PBXFileReference; lastKnownFileType = sourcecode.swift; path = DataService.swift; sourceTree = "<group>"; };
		9ACD708A29A5B95100A2C8C5 /* RecipeDetailView.swift */ = {isa = PBXFileReference; lastKnownFileType = sourcecode.swift; path = RecipeDetailView.swift; sourceTree = "<group>"; };
		9ACF1E6E2A56A72A0013FE25 /* Onboarding_1.swift */ = {isa = PBXFileReference; lastKnownFileType = sourcecode.swift; path = Onboarding_1.swift; sourceTree = "<group>"; };
		9ACF1E732A56AADC0013FE25 /* recipe-list-app-Info.plist */ = {isa = PBXFileReference; lastKnownFileType = text.plist; path = "recipe-list-app-Info.plist"; sourceTree = SOURCE_ROOT; };
		9ACF1E742A56ACFF0013FE25 /* Poppins-Black.ttf */ = {isa = PBXFileReference; lastKnownFileType = file; path = "Poppins-Black.ttf"; sourceTree = "<group>"; };
		9ACF1E762A56B41B0013FE25 /* Onboarding_2.swift */ = {isa = PBXFileReference; lastKnownFileType = sourcecode.swift; path = Onboarding_2.swift; sourceTree = "<group>"; };
/* End PBXFileReference section */

/* Begin PBXFrameworksBuildPhase section */
		9ACD704E29A1A66D00A2C8C5 /* Frameworks */ = {
			isa = PBXFrameworksBuildPhase;
			buildActionMask = 2147483647;
			files = (
			);
			runOnlyForDeploymentPostprocessing = 0;
		};
/* End PBXFrameworksBuildPhase section */

/* Begin PBXGroup section */
		9ACD704829A1A66D00A2C8C5 = {
			isa = PBXGroup;
			children = (
				9ACD705329A1A66D00A2C8C5 /* recipe list app */,
				9ACD705229A1A66D00A2C8C5 /* Products */,
			);
			sourceTree = "<group>";
		};
		9ACD705229A1A66D00A2C8C5 /* Products */ = {
			isa = PBXGroup;
			children = (
				9ACD705129A1A66D00A2C8C5 /* recipe list app.app */,
			);
			name = Products;
			sourceTree = "<group>";
		};
		9ACD705329A1A66D00A2C8C5 /* recipe list app */ = {
			isa = PBXGroup;
			children = (
				9ACF1E732A56AADC0013FE25 /* recipe-list-app-Info.plist */,
				9ACD705429A1A66D00A2C8C5 /* Recipe_List_App.swift */,
				9ACD706229A1A76E00A2C8C5 /* Views */,
				9ACD706329A1A77B00A2C8C5 /* ViewModels */,
				9ACD706929A1A96600A2C8C5 /* Models */,
				9ACD706629A1A7B400A2C8C5 /* Services */,
				9ACD706429A1A78B00A2C8C5 /* Data */,
				9ACD705829A1A66F00A2C8C5 /* Assets.xcassets */,
				9ACF1E702A56AA4D0013FE25 /* font */,
				9ACD705A29A1A66F00A2C8C5 /* Preview Content */,
			);
			path = "recipe list app";
			sourceTree = "<group>";
		};
		9ACD705A29A1A66F00A2C8C5 /* Preview Content */ = {
			isa = PBXGroup;
			children = (
				9ACD705B29A1A66F00A2C8C5 /* Preview Assets.xcassets */,
			);
			path = "Preview Content";
			sourceTree = "<group>";
		};
		9ACD706229A1A76E00A2C8C5 /* Views */ = {
			isa = PBXGroup;
			children = (
				9ACD705629A1A66D00A2C8C5 /* RecipeListView.swift */,
				9ACD708A29A5B95100A2C8C5 /* RecipeDetailView.swift */,
				9ACF1E6E2A56A72A0013FE25 /* Onboarding_1.swift */,
				9ACF1E762A56B41B0013FE25 /* Onboarding_2.swift */,
			);
			path = Views;
			sourceTree = "<group>";
		};
		9ACD706329A1A77B00A2C8C5 /* ViewModels */ = {
			isa = PBXGroup;
			children = (
				9ACD706C29A1AB6700A2C8C5 /* RecipeModel.swift */,
			);
			path = ViewModels;
			sourceTree = "<group>";
		};
		9ACD706429A1A78B00A2C8C5 /* Data */ = {
			isa = PBXGroup;
			children = (
				9ACD706729A1A8F900A2C8C5 /* recipes.json */,
			);
			path = Data;
			sourceTree = "<group>";
		};
		9ACD706629A1A7B400A2C8C5 /* Services */ = {
			isa = PBXGroup;
			children = (
				9ACD706E29A1AD8300A2C8C5 /* DataService.swift */,
			);
			path = Services;
			sourceTree = "<group>";
		};
		9ACD706929A1A96600A2C8C5 /* Models */ = {
			isa = PBXGroup;
			children = (
				9ACD706A29A1A98A00A2C8C5 /* Recipe.swift */,
			);
			path = Models;
			sourceTree = "<group>";
		};
		9ACF1E702A56AA4D0013FE25 /* font */ = {
			isa = PBXGroup;
			children = (
				9ACF1E742A56ACFF0013FE25 /* Poppins-Black.ttf */,
				9A13489B2A56E4D000B3D562 /* Poppins-Regular.ttf */,
			);
			path = font;
			sourceTree = "<group>";
		};
/* End PBXGroup section */

/* Begin PBXNativeTarget section */
		9ACD705029A1A66D00A2C8C5 /* recipe list app */ = {
			isa = PBXNativeTarget;
			buildConfigurationList = 9ACD705F29A1A66F00A2C8C5 /* Build configuration list for PBXNativeTarget "recipe list app" */;
			buildPhases = (
				9ACD704D29A1A66D00A2C8C5 /* Sources */,
				9ACD704E29A1A66D00A2C8C5 /* Frameworks */,
				9ACD704F29A1A66D00A2C8C5 /* Resources */,
			);
			buildRules = (
			);
			dependencies = (
			);
			name = "recipe list app";
			productName = "recipe list app";
			productReference = 9ACD705129A1A66D00A2C8C5 /* recipe list app.app */;
			productType = "com.apple.product-type.application";
		};
/* End PBXNativeTarget section */

/* Begin PBXProject section */
		9ACD704929A1A66D00A2C8C5 /* Project object */ = {
			isa = PBXProject;
			attributes = {
				BuildIndependentTargetsInParallel = 1;
				LastSwiftUpdateCheck = 1420;
				LastUpgradeCheck = 1420;
				TargetAttributes = {
					9ACD705029A1A66D00A2C8C5 = {
						CreatedOnToolsVersion = 14.2;
					};
				};
			};
			buildConfigurationList = 9ACD704C29A1A66D00A2C8C5 /* Build configuration list for PBXProject "recipe list app" */;
			compatibilityVersion = "Xcode 14.0";
			developmentRegion = en;
			hasScannedForEncodings = 0;
			knownRegions = (
				en,
				Base,
			);
			mainGroup = 9ACD704829A1A66D00A2C8C5;
			productRefGroup = 9ACD705229A1A66D00A2C8C5 /* Products */;
			projectDirPath = "";
			projectRoot = "";
			targets = (
				9ACD705029A1A66D00A2C8C5 /* recipe list app */,
			);
		};
/* End PBXProject section */

/* Begin PBXResourcesBuildPhase section */
		9ACD704F29A1A66D00A2C8C5 /* Resources */ = {
			isa = PBXResourcesBuildPhase;
			buildActionMask = 2147483647;
			files = (
				9ACD705C29A1A66F00A2C8C5 /* Preview Assets.xcassets in Resources */,
				9ACD706829A1A8F900A2C8C5 /* recipes.json in Resources */,
				9ACD705929A1A66F00A2C8C5 /* Assets.xcassets in Resources */,
				9ACF1E752A56ACFF0013FE25 /* Poppins-Black.ttf in Resources */,
				9A13489D2A56E70C00B3D562 /* recipe-list-app-Info.plist in Resources */,
				9A13489C2A56E4D000B3D562 /* Poppins-Regular.ttf in Resources */,
			);
			runOnlyForDeploymentPostprocessing = 0;
		};
/* End PBXResourcesBuildPhase section */

/* Begin PBXSourcesBuildPhase section */
		9ACD704D29A1A66D00A2C8C5 /* Sources */ = {
			isa = PBXSourcesBuildPhase;
			buildActionMask = 2147483647;
			files = (
				9ACD706B29A1A98A00A2C8C5 /* Recipe.swift in Sources */,
				9ACF1E772A56B41B0013FE25 /* Onboarding_2.swift in Sources */,
				9ACD708B29A5B95100A2C8C5 /* RecipeDetailView.swift in Sources */,
				9ACD706D29A1AB6700A2C8C5 /* RecipeModel.swift in Sources */,
				9ACF1E6F2A56A72A0013FE25 /* Onboarding_1.swift in Sources */,
				9ACD705729A1A66D00A2C8C5 /* RecipeListView.swift in Sources */,
				9ACD705529A1A66D00A2C8C5 /* Recipe_List_App.swift in Sources */,
				9ACD706F29A1AD8300A2C8C5 /* DataService.swift in Sources */,
			);
			runOnlyForDeploymentPostprocessing = 0;
		};
/* End PBXSourcesBuildPhase section */

/* Begin XCBuildConfiguration section */
		9ACD705D29A1A66F00A2C8C5 /* Debug */ = {
			isa = XCBuildConfiguration;
			buildSettings = {
				ALWAYS_SEARCH_USER_PATHS = NO;
				CLANG_ANALYZER_NONNULL = YES;
				CLANG_ANALYZER_NUMBER_OBJECT_CONVERSION = YES_AGGRESSIVE;
				CLANG_CXX_LANGUAGE_STANDARD = "gnu++20";
				CLANG_ENABLE_MODULES = YES;
				CLANG_ENABLE_OBJC_ARC = YES;
				CLANG_ENABLE_OBJC_WEAK = YES;
				CLANG_WARN_BLOCK_CAPTURE_AUTORELEASING = YES;
				CLANG_WARN_BOOL_CONVERSION = YES;
				CLANG_WARN_COMMA = YES;
				CLANG_WARN_CONSTANT_CONVERSION = YES;
				CLANG_WARN_DEPRECATED_OBJC_IMPLEMENTATIONS = YES;
				CLANG_WARN_DIRECT_OBJC_ISA_USAGE = YES_ERROR;
				CLANG_WARN_DOCUMENTATION_COMMENTS = YES;
				CLANG_WARN_EMPTY_BODY = YES;
				CLANG_WARN_ENUM_CONVERSION = YES;
				CLANG_WARN_INFINITE_RECURSION = YES;
				CLANG_WARN_INT_CONVERSION = YES;
				CLANG_WARN_NON_LITERAL_NULL_CONVERSION = YES;
				CLANG_WARN_OBJC_IMPLICIT_RETAIN_SELF = YES;
				CLANG_WARN_OBJC_LITERAL_CONVERSION = YES;
				CLANG_WARN_OBJC_ROOT_CLASS = YES_ERROR;
				CLANG_WARN_QUOTED_INCLUDE_IN_FRAMEWORK_HEADER = YES;
				CLANG_WARN_RANGE_LOOP_ANALYSIS = YES;
				CLANG_WARN_STRICT_PROTOTYPES = YES;
				CLANG_WARN_SUSPICIOUS_MOVE = YES;
				CLANG_WARN_UNGUARDED_AVAILABILITY = YES_AGGRESSIVE;
				CLANG_WARN_UNREACHABLE_CODE = YES;
				CLANG_WARN__DUPLICATE_METHOD_MATCH = YES;
				COPY_PHASE_STRIP = NO;
				DEBUG_INFORMATION_FORMAT = dwarf;
				ENABLE_STRICT_OBJC_MSGSEND = YES;
				ENABLE_TESTABILITY = YES;
				GCC_C_LANGUAGE_STANDARD = gnu11;
				GCC_DYNAMIC_NO_PIC = NO;
				GCC_NO_COMMON_BLOCKS = YES;
				GCC_OPTIMIZATION_LEVEL = 0;
				GCC_PREPROCESSOR_DEFINITIONS = (
					"DEBUG=1",
					"$(inherited)",
				);
				GCC_WARN_64_TO_32_BIT_CONVERSION = YES;
				GCC_WARN_ABOUT_RETURN_TYPE = YES_ERROR;
				GCC_WARN_UNDECLARED_SELECTOR = YES;
				GCC_WARN_UNINITIALIZED_AUTOS = YES_AGGRESSIVE;
				GCC_WARN_UNUSED_FUNCTION = YES;
				GCC_WARN_UNUSED_VARIABLE = YES;
				IPHONEOS_DEPLOYMENT_TARGET = 16.2;
				MTL_ENABLE_DEBUG_INFO = INCLUDE_SOURCE;
				MTL_FAST_MATH = YES;
				ONLY_ACTIVE_ARCH = YES;
				SDKROOT = iphoneos;
				SWIFT_ACTIVE_COMPILATION_CONDITIONS = DEBUG;
				SWIFT_OPTIMIZATION_LEVEL = "-Onone";
			};
			name = Debug;
		};
		9ACD705E29A1A66F00A2C8C5 /* Release */ = {
			isa = XCBuildConfiguration;
			buildSettings = {
				ALWAYS_SEARCH_USER_PATHS = NO;
				CLANG_ANALYZER_NONNULL = YES;
				CLANG_ANALYZER_NUMBER_OBJECT_CONVERSION = YES_AGGRESSIVE;
				CLANG_CXX_LANGUAGE_STANDARD = "gnu++20";
				CLANG_ENABLE_MODULES = YES;
				CLANG_ENABLE_OBJC_ARC = YES;
				CLANG_ENABLE_OBJC_WEAK = YES;
				CLANG_WARN_BLOCK_CAPTURE_AUTORELEASING = YES;
				CLANG_WARN_BOOL_CONVERSION = YES;
				CLANG_WARN_COMMA = YES;
				CLANG_WARN_CONSTANT_CONVERSION = YES;
				CLANG_WARN_DEPRECATED_OBJC_IMPLEMENTATIONS = YES;
				CLANG_WARN_DIRECT_OBJC_ISA_USAGE = YES_ERROR;
				CLANG_WARN_DOCUMENTATION_COMMENTS = YES;
				CLANG_WARN_EMPTY_BODY = YES;
				CLANG_WARN_ENUM_CONVERSION = YES;
				CLANG_WARN_INFINITE_RECURSION = YES;
				CLANG_WARN_INT_CONVERSION = YES;
				CLANG_WARN_NON_LITERAL_NULL_CONVERSION = YES;
				CLANG_WARN_OBJC_IMPLICIT_RETAIN_SELF = YES;
				CLANG_WARN_OBJC_LITERAL_CONVERSION = YES;
				CLANG_WARN_OBJC_ROOT_CLASS = YES_ERROR;
				CLANG_WARN_QUOTED_INCLUDE_IN_FRAMEWORK_HEADER = YES;
				CLANG_WARN_RANGE_LOOP_ANALYSIS = YES;
				CLANG_WARN_STRICT_PROTOTYPES = YES;
				CLANG_WARN_SUSPICIOUS_MOVE = YES;
				CLANG_WARN_UNGUARDED_AVAILABILITY = YES_AGGRESSIVE;
				CLANG_WARN_UNREACHABLE_CODE = YES;
				CLANG_WARN__DUPLICATE_METHOD_MATCH = YES;
				COPY_PHASE_STRIP = NO;
				DEBUG_INFORMATION_FORMAT = "dwarf-with-dsym";
				ENABLE_NS_ASSERTIONS = NO;
				ENABLE_STRICT_OBJC_MSGSEND = YES;
				GCC_C_LANGUAGE_STANDARD = gnu11;
				GCC_NO_COMMON_BLOCKS = YES;
				GCC_WARN_64_TO_32_BIT_CONVERSION = YES;
				GCC_WARN_ABOUT_RETURN_TYPE = YES_ERROR;
				GCC_WARN_UNDECLARED_SELECTOR = YES;
				GCC_WARN_UNINITIALIZED_AUTOS = YES_AGGRESSIVE;
				GCC_WARN_UNUSED_FUNCTION = YES;
				GCC_WARN_UNUSED_VARIABLE = YES;
				IPHONEOS_DEPLOYMENT_TARGET = 16.2;
				MTL_ENABLE_DEBUG_INFO = NO;
				MTL_FAST_MATH = YES;
				SDKROOT = iphoneos;
				SWIFT_COMPILATION_MODE = wholemodule;
				SWIFT_OPTIMIZATION_LEVEL = "-O";
				VALIDATE_PRODUCT = YES;
			};
			name = Release;
		};
		9ACD706029A1A66F00A2C8C5 /* Debug */ = {
			isa = XCBuildConfiguration;
			buildSettings = {
				ASSETCATALOG_COMPILER_APPICON_NAME = AppIcon;
				ASSETCATALOG_COMPILER_GLOBAL_ACCENT_COLOR_NAME = AccentColor;
				CODE_SIGN_STYLE = Automatic;
				CURRENT_PROJECT_VERSION = 1;
				DEVELOPMENT_ASSET_PATHS = "\"recipe list app/Preview Content\"";
				DEVELOPMENT_TEAM = 9FKHFCQNJL;
				ENABLE_PREVIEWS = YES;
				GENERATE_INFOPLIST_FILE = YES;
				INFOPLIST_FILE = "recipe-list-app-Info.plist";
				INFOPLIST_KEY_UIApplicationSceneManifest_Generation = YES;
				INFOPLIST_KEY_UIApplicationSupportsIndirectInputEvents = YES;
				INFOPLIST_KEY_UILaunchScreen_Generation = YES;
				INFOPLIST_KEY_UISupportedInterfaceOrientations_iPad = "UIInterfaceOrientationPortrait UIInterfaceOrientationPortraitUpsideDown UIInterfaceOrientationLandscapeLeft UIInterfaceOrientationLandscapeRight";
				INFOPLIST_KEY_UISupportedInterfaceOrientations_iPhone = "UIInterfaceOrientationPortrait UIInterfaceOrientationLandscapeLeft UIInterfaceOrientationLandscapeRight";
				IPHONEOS_DEPLOYMENT_TARGET = 15.0;
				LD_RUNPATH_SEARCH_PATHS = (
					"$(inherited)",
					"@executable_path/Frameworks",
				);
				MARKETING_VERSION = 1.0;
				PRODUCT_BUNDLE_IDENTIFIER = "com.codewithellie.recipe-list-app";
				PRODUCT_NAME = "$(TARGET_NAME)";
				SWIFT_EMIT_LOC_STRINGS = YES;
				SWIFT_VERSION = 5.0;
				TARGETED_DEVICE_FAMILY = "1,2";
			};
			name = Debug;
		};
		9ACD706129A1A66F00A2C8C5 /* Release */ = {
			isa = XCBuildConfiguration;
			buildSettings = {
				ASSETCATALOG_COMPILER_APPICON_NAME = AppIcon;
				ASSETCATALOG_COMPILER_GLOBAL_ACCENT_COLOR_NAME = AccentColor;
				CODE_SIGN_STYLE = Automatic;
				CURRENT_PROJECT_VERSION = 1;
				DEVELOPMENT_ASSET_PATHS = "\"recipe list app/Preview Content\"";
				DEVELOPMENT_TEAM = 9FKHFCQNJL;
				ENABLE_PREVIEWS = YES;
				GENERATE_INFOPLIST_FILE = YES;
				INFOPLIST_FILE = "recipe-list-app-Info.plist";
				INFOPLIST_KEY_UIApplicationSceneManifest_Generation = YES;
				INFOPLIST_KEY_UIApplicationSupportsIndirectInputEvents = YES;
				INFOPLIST_KEY_UILaunchScreen_Generation = YES;
				INFOPLIST_KEY_UISupportedInterfaceOrientations_iPad = "UIInterfaceOrientationPortrait UIInterfaceOrientationPortraitUpsideDown UIInterfaceOrientationLandscapeLeft UIInterfaceOrientationLandscapeRight";
				INFOPLIST_KEY_UISupportedInterfaceOrientations_iPhone = "UIInterfaceOrientationPortrait UIInterfaceOrientationLandscapeLeft UIInterfaceOrientationLandscapeRight";
				IPHONEOS_DEPLOYMENT_TARGET = 15.0;
				LD_RUNPATH_SEARCH_PATHS = (
					"$(inherited)",
					"@executable_path/Frameworks",
				);
				MARKETING_VERSION = 1.0;
				PRODUCT_BUNDLE_IDENTIFIER = "com.codewithellie.recipe-list-app";
				PRODUCT_NAME = "$(TARGET_NAME)";
				SWIFT_EMIT_LOC_STRINGS = YES;
				SWIFT_VERSION = 5.0;
				TARGETED_DEVICE_FAMILY = "1,2";
			};
			name = Release;
		};
/* End XCBuildConfiguration section */

/* Begin XCConfigurationList section */
		9ACD704C29A1A66D00A2C8C5 /* Build configuration list for PBXProject "recipe list app" */ = {
			isa = XCConfigurationList;
			buildConfigurations = (
				9ACD705D29A1A66F00A2C8C5 /* Debug */,
				9ACD705E29A1A66F00A2C8C5 /* Release */,
			);
			defaultConfigurationIsVisible = 0;
			defaultConfigurationName = Release;
		};
		9ACD705F29A1A66F00A2C8C5 /* Build configuration list for PBXNativeTarget "recipe list app" */ = {
			isa = XCConfigurationList;
			buildConfigurations = (
				9ACD706029A1A66F00A2C8C5 /* Debug */,
				9ACD706129A1A66F00A2C8C5 /* Release */,
			);
			defaultConfigurationIsVisible = 0;
			defaultConfigurationName = Release;
		};
/* End XCConfigurationList section */
	};
	rootObject = 9ACD704929A1A66D00A2C8C5 /* Project object */;
}
